
Microsoft Visual Studio Solution File, Format Version 12.00
# Visual Studio Version 16
VisualStudioVersion = 16.0.31613.86
MinimumVisualStudioVersion = 10.0.40219.1
Project("{9A19103F-16F7-4668-BE54-9A1E7A4F7556}") = "Selenium", "Selenium\Selenium.csproj", "{5137B872-0201-4DD2-B674-2F3FBE18110A}"
EndProject
Project("{2150E333-8FDC-42A3-9474-1A3956D46DE8}") = "Solution Items", "Solution Items", "{16B26B59-52D7-43EB-9F56-C408DE52ADE8}"
	ProjectSection(SolutionItems) = preProject
		..\..\..\Downloads\msedgedriver.exe = ..\..\..\Downloads\msedgedriver.exe
	EndProjectSection
EndProject
Project("{9A19103F-16F7-4668-BE54-9A1E7A4F7556}") = "CelsiaOnePageObject", "CelsiaOnePageObject\CelsiaOnePageObject.csproj", "{2600028D-6B51-43C6-98DA-784329B6F4F1}"
EndProject
Project("{FAE04EC0-301F-11D3-BF4B-00C04F79EFBC}") = "CelsiaOneScreenPattern", "CelsiaOneScreenPattern\CelsiaOneScreenPattern.csproj", "{BEE24820-0641-4A4D-8220-0A81EEB61CC1}"
EndProject
Global
	GlobalSection(SolutionConfigurationPlatforms) = preSolution
		Debug|Any CPU = Debug|Any CPU
		Release|Any CPU = Release|Any CPU
	EndGlobalSection
	GlobalSection(ProjectConfigurationPlatforms) = postSolution
		{5137B872-0201-4DD2-B674-2F3FBE18110A}.Debug|Any CPU.ActiveCfg = Debug|Any CPU
		{5137B872-0201-4DD2-B674-2F3FBE18110A}.Debug|Any CPU.Build.0 = Debug|Any CPU
		{5137B872-0201-4DD2-B674-2F3FBE18110A}.Release|Any CPU.ActiveCfg = Release|Any CPU
		{5137B872-0201-4DD2-B674-2F3FBE18110A}.Release|Any CPU.Build.0 = Release|Any CPU
		{2600028D-6B51-43C6-98DA-784329B6F4F1}.Debug|Any CPU.ActiveCfg = Debug|Any CPU
		{2600028D-6B51-43C6-98DA-784329B6F4F1}.Debug|Any CPU.Build.0 = Debug|Any CPU
		{2600028D-6B51-43C6-98DA-784329B6F4F1}.Release|Any CPU.ActiveCfg = Release|Any CPU
		{2600028D-6B51-43C6-98DA-784329B6F4F1}.Release|Any CPU.Build.0 = Release|Any CPU
		{BEE24820-0641-4A4D-8220-0A81EEB61CC1}.Debug|Any CPU.ActiveCfg = Debug|Any CPU
		{BEE24820-0641-4A4D-8220-0A81EEB61CC1}.Debug|Any CPU.Build.0 = Debug|Any CPU
		{BEE24820-0641-4A4D-8220-0A81EEB61CC1}.Release|Any CPU.ActiveCfg = Release|Any CPU
		{BEE24820-0641-4A4D-8220-0A81EEB61CC1}.Release|Any CPU.Build.0 = Release|Any CPU
	EndGlobalSection
	GlobalSection(SolutionProperties) = preSolution
		HideSolutionNode = FALSE
	EndGlobalSection
	GlobalSection(ExtensibilityGlobals) = postSolution
		SolutionGuid = {46AB68C8-03EC-45BB-B80E-91EFB33DBAE2}
	EndGlobalSection
EndGlobal
